{
  "version": 4,
  "terraform_version": "1.15.4",
  "serial": 1,
  "lineage": "0fe51228-f37d-c03a-a3e2-f8ce16d362af",
  "outputs": {},
  "resources": [
    {
      "mode": "managed",
      "type": "local_file",
      "name": "readme",
      "provider": "provider[\"registry.terraform.io/hashicorp/local\"]",
      "instances": [
        {
          "schema_version": 0,
          "attributes": {
            "content": "# Mi primer proyecto Terraform\n\nGenerado Automaticamente.\n",
            "content_base64": null,
            "content_base64sha256": "ufr0WIng/ivQVW60ohoWPo1SgqV3vadv3EOb3c9R+ig=",
            "content_base64sha512": "Dp+iW9IaPjx/p1Lt6cdYyNgGPL5cfDHWz3Pc1SAROUUkgUOT4zjuBoysqRGw+9GTPBWMxwr+FyFF3/urHcSSdA==",
            "content_md5": "8418021001ca62bcbc67b1cd54bc1cdb",
            "content_sha1": "e6b8731c94e6fc67cef7cb4ea7d6a726b17edd6f",
            "content_sha256": "b9faf45889e0fe2bd0556eb4a21a163e8d5282a577bda76fdc439bddcf51fa28",
            "content_sha512": "0e9fa25bd21a3e3c7fa752ede9c758c8d8063cbe5c7c31d6cf73dcd52011394524814393e338ee068caca911b0fbd1933c158cc70afe172145dffbab1dc49274",
            "directory_permission": "0777",
            "file_permission": "0777",
            "filename": "./output/README.md",
            "id": "e6b8731c94e6fc67cef7cb4ea7d6a726b17edd6f",
            "sensitive_content": null,
            "source": null
          },
          "sensitive_attributes": [
            [
              {
                "type": "get_attr",
                "value": "sensitive_content"
              }
            ]
          ],
          "identity_schema_version": 0
        }
      ]
    }
  ],
  "check_results": null
}
